// !$*UTF8*$!
{
	archiveVersion = 1;
	classes = {
	};
	objectVersion = 50;
	objects = {

/* Begin PBXBuildFile section */
		AF8BCEB9242A47F300C0CA70 /* AppDelegate.swift in Sources */ = {isa = PBXBuildFile; fileRef = AF8BCEB8242A47F300C0CA70 /* AppDelegate.swift */; };
		AF8BCEBB242A47F300C0CA70 /* SceneDelegate.swift in Sources */ = {isa = PBXBuildFile; fileRef = AF8BCEBA242A47F300C0CA70 /* SceneDelegate.swift */; };
		AF8BCEBD242A47F300C0CA70 /* ViewController.swift in Sources */ = {isa = PBXBuildFile; fileRef = AF8BCEBC242A47F300C0CA70 /* ViewController.swift */; };
		AF8BCEC0242A47F300C0CA70 /* Main.storyboard in Resources */ = {isa = PBXBuildFile; fileRef = AF8BCEBE242A47F300C0CA70 /* Main.storyboard */; };
		AF8BCEC3242A47F300C0CA70 /* Age_Machine_Learning.xcdatamodeld in Sources */ = {isa = PBXBuildFile; fileRef = AF8BCEC1242A47F300C0CA70 /* Age_Machine_Learning.xcdatamodeld */; };
		AF8BCEC5242A47F400C0CA70 /* Assets.xcassets in Resources */ = {isa = PBXBuildFile; fileRef = AF8BCEC4242A47F400C0CA70 /* Assets.xcassets */; };
		AF8BCEC8242A47F400C0CA70 /* LaunchScreen.storyboard in Resources */ = {isa = PBXBuildFile; fileRef = AF8BCEC6242A47F400C0CA70 /* LaunchScreen.storyboard */; };
		AF8BCED3242A47F400C0CA70 /* Age_Machine_LearningTests.swift in Sources */ = {isa = PBXBuildFile; fileRef = AF8BCED2242A47F400C0CA70 /* Age_Machine_LearningTests.swift */; };
		AF8BCEDE242A47F400C0CA70 /* Age_Machine_LearningUITests.swift in Sources */ = {isa = PBXBuildFile; fileRef = AF8BCEDD242A47F400C0CA70 /* Age_Machine_LearningUITests.swift */; };
/* End PBXBuildFile section */

/* Begin PBXContainerItemProxy section */
		AF8BCECF242A47F400C0CA70 /* PBXContainerItemProxy */ = {
			isa = PBXContainerItemProxy;
			containerPortal = AF8BCEAD242A47F300C0CA70 /* Project object */;
			proxyType = 1;
			remoteGlobalIDString = AF8BCEB4242A47F300C0CA70;
			remoteInfo = "Age Machine Learning";
		};
		AF8BCEDA242A47F400C0CA70 /* PBXContainerItemProxy */ = {
			isa = PBXContainerItemProxy;
			containerPortal = AF8BCEAD242A47F300C0CA70 /* Project object */;
			proxyType = 1;
			remoteGlobalIDString = AF8BCEB4242A47F300C0CA70;
			remoteInfo = "Age Machine Learning";
		};
/* End PBXContainerItemProxy section */

/* Begin PBXFileReference section */
		AF8BCEB5242A47F300C0CA70 /* Age Machine Learning.app */ = {isa = PBXFileReference; explicitFileType = wrapper.application; includeInIndex = 0; path = "Age Machine Learning.app"; sourceTree = BUILT_PRODUCTS_DIR; };
		AF8BCEB8242A47F300C0CA70 /* AppDelegate.swift */ = {isa = PBXFileReference; lastKnownFileType = sourcecode.swift; path = AppDelegate.swift; sourceTree = "<group>"; };
		AF8BCEBA242A47F300C0CA70 /* SceneDelegate.swift */ = {isa = PBXFileReference; lastKnownFileType = sourcecode.swift; path = SceneDelegate.swift; sourceTree = "<group>"; };
		AF8BCEBC242A47F300C0CA70 /* ViewController.swift */ = {isa = PBXFileReference; lastKnownFileType = sourcecode.swift; path = ViewController.swift; sourceTree = "<group>"; };
		AF8BCEBF242A47F300C0CA70 /* Base */ = {isa = PBXFileReference; lastKnownFileType = file.storyboard; name = Base; path = Base.lproj/Main.storyboard; sourceTree = "<group>"; };
		AF8BCEC2242A47F300C0CA70 /* Age_Machine_Learning.xcdatamodel */ = {isa = PBXFileReference; lastKnownFileType = wrapper.xcdatamodel; path = Age_Machine_Learning.xcdatamodel; sourceTree = "<group>"; };
		AF8BCEC4242A47F400C0CA70 /* Assets.xcassets */ = {isa = PBXFileReference; lastKnownFileType = folder.assetcatalog; path = Assets.xcassets; sourceTree = "<group>"; };
		AF8BCEC7242A47F400C0CA70 /* Base */ = {isa = PBXFileReference; lastKnownFileType = file.storyboard; name = Base; path = Base.lproj/LaunchScreen.storyboard; sourceTree = "<group>"; };
		AF8BCEC9242A47F400C0CA70 /* Info.plist */ = {isa = PBXFileReference; lastKnownFileType = text.plist.xml; path = Info.plist; sourceTree = "<group>"; };
		AF8BCECE242A47F400C0CA70 /* Age Machine LearningTests.xctest */ = {isa = PBXFileReference; explicitFileType = wrapper.cfbundle; includeInIndex = 0; path = "Age Machine LearningTests.xctest"; sourceTree = BUILT_PRODUCTS_DIR; };
		AF8BCED2242A47F400C0CA70 /* Age_Machine_LearningTests.swift */ = {isa = PBXFileReference; lastKnownFileType = sourcecode.swift; path = Age_Machine_LearningTests.swift; sourceTree = "<group>"; };
		AF8BCED4242A47F400C0CA70 /* Info.plist */ = {isa = PBXFileReference; lastKnownFileType = text.plist.xml; path = Info.plist; sourceTree = "<group>"; };
		AF8BCED9242A47F400C0CA70 /* Age Machine LearningUITests.xctest */ = {isa = PBXFileReference; explicitFileType = wrapper.cfbundle; includeInIndex = 0; path = "Age Machine LearningUITests.xctest"; sourceTree = BUILT_PRODUCTS_DIR; };
		AF8BCEDD242A47F400C0CA70 /* Age_Machine_LearningUITests.swift */ = {isa = PBXFileReference; lastKnownFileType = sourcecode.swift; path = Age_Machine_LearningUITests.swift; sourceTree = "<group>"; };
		AF8BCEDF242A47F400C0CA70 /* Info.plist */ = {isa = PBXFileReference; lastKnownFileType = text.plist.xml; path = Info.plist; sourceTree = "<group>"; };
/* End PBXFileReference section */

/* Begin PBXFrameworksBuildPhase section */
		AF8BCEB2242A47F300C0CA70 /* Frameworks */ = {
			isa = PBXFrameworksBuildPhase;
			buildActionMask = 2147483647;
			files = (
			);
			runOnlyForDeploymentPostprocessing = 0;
		};
		AF8BCECB242A47F400C0CA70 /* Frameworks */ = {
			isa = PBXFrameworksBuildPhase;
			buildActionMask = 2147483647;
			files = (
			);
			runOnlyForDeploymentPostprocessing = 0;
		};
		AF8BCED6242A47F400C0CA70 /* Frameworks */ = {
			isa = PBXFrameworksBuildPhase;
			buildActionMask = 2147483647;
			files = (
			);
			runOnlyForDeploymentPostprocessing = 0;
		};
/* End PBXFrameworksBuildPhase section */

/* Begin PBXGroup section */
		AF8BCEAC242A47F300C0CA70 = {
			isa = PBXGroup;
			children = (
				AF8BCEB7242A47F300C0CA70 /* Age Machine Learning */,
				AF8BCED1242A47F400C0CA70 /* Age Machine LearningTests */,
				AF8BCEDC242A47F400C0CA70 /* Age Machine LearningUITests */,
				AF8BCEB6242A47F300C0CA70 /* Products */,
			);
			sourceTree = "<group>";
		};
		AF8BCEB6242A47F300C0CA70 /* Products */ = {
			isa = PBXGroup;
			children = (
				AF8BCEB5242A47F300C0CA70 /* Age Machine Learning.app */,
				AF8BCECE242A47F400C0CA70 /* Age Machine LearningTests.xctest */,
				AF8BCED9242A47F400C0CA70 /* Age Machine LearningUITests.xctest */,
			);
			name = Products;
			sourceTree = "<group>";
		};
		AF8BCEB7242A47F300C0CA70 /* Age Machine Learning */ = {
			isa = PBXGroup;
			children = (
				AF8BCEB8242A47F300C0CA70 /* AppDelegate.swift */,
				AF8BCEBA242A47F300C0CA70 /* SceneDelegate.swift */,
				AF8BCEBC242A47F300C0CA70 /* ViewController.swift */,
				AF8BCEBE242A47F300C0CA70 /* Main.storyboard */,
				AF8BCEC4242A47F400C0CA70 /* Assets.xcassets */,
				AF8BCEC6242A47F400C0CA70 /* LaunchScreen.storyboard */,
				AF8BCEC9242A47F400C0CA70 /* Info.plist */,
				AF8BCEC1242A47F300C0CA70 /* Age_Machine_Learning.xcdatamodeld */,
			);
			path = "Age Machine Learning";
			sourceTree = "<group>";
		};
		AF8BCED1242A47F400C0CA70 /* Age Machine LearningTests */ = {
			isa = PBXGroup;
			children = (
				AF8BCED2242A47F400C0CA70 /* Age_Machine_LearningTests.swift */,
				AF8BCED4242A47F400C0CA70 /* Info.plist */,
			);
			path = "Age Machine LearningTests";
			sourceTree = "<group>";
		};
		AF8BCEDC242A47F400C0CA70 /* Age Machine LearningUITests */ = {
			isa = PBXGroup;
			children = (
				AF8BCEDD242A47F400C0CA70 /* Age_Machine_LearningUITests.swift */,
				AF8BCEDF242A47F400C0CA70 /* Info.plist */,
			);
			path = "Age Machine LearningUITests";
			sourceTree = "<group>";
		};
/* End PBXGroup section */

/* Begin PBXNativeTarget section */
		AF8BCEB4242A47F300C0CA70 /* Age Machine Learning */ = {
			isa = PBXNativeTarget;
			buildConfigurationList = AF8BCEE2242A47F400C0CA70 /* Build configuration list for PBXNativeTarget "Age Machine Learning" */;
			buildPhases = (
				AF8BCEB1242A47F300C0CA70 /* Sources */,
				AF8BCEB2242A47F300C0CA70 /* Frameworks */,
				AF8BCEB3242A47F300C0CA70 /* Resources */,
			);
			buildRules = (
			);
			dependencies = (
			);
			name = "Age Machine Learning";
			productName = "Age Machine Learning";
			productReference = AF8BCEB5242A47F300C0CA70 /* Age Machine Learning.app */;
			productType = "com.apple.product-type.application";
		};
		AF8BCECD242A47F400C0CA70 /* Age Machine LearningTests */ = {
			isa = PBXNativeTarget;
			buildConfigurationList = AF8BCEE5242A47F400C0CA70 /* Build configuration list for PBXNativeTarget "Age Machine LearningTests" */;
			buildPhases = (
				AF8BCECA242A47F400C0CA70 /* Sources */,
				AF8BCECB242A47F400C0CA70 /* Frameworks */,
				AF8BCECC242A47F400C0CA70 /* Resources */,
			);
			buildRules = (
			);
			dependencies = (
				AF8BCED0242A47F400C0CA70 /* PBXTargetDependency */,
			);
			name = "Age Machine LearningTests";
			productName = "Age Machine LearningTests";
			productReference = AF8BCECE242A47F400C0CA70 /* Age Machine LearningTests.xctest */;
			productType = "com.apple.product-type.bundle.unit-test";
		};
		AF8BCED8242A47F400C0CA70 /* Age Machine LearningUITests */ = {
			isa = PBXNativeTarget;
			buildConfigurationList = AF8BCEE8242A47F400C0CA70 /* Build configuration list for PBXNativeTarget "Age Machine LearningUITests" */;
			buildPhases = (
				AF8BCED5242A47F400C0CA70 /* Sources */,
				AF8BCED6242A47F400C0CA70 /* Frameworks */,
				AF8BCED7242A47F400C0CA70 /* Resources */,
			);
			buildRules = (
			);
			dependencies = (
				AF8BCEDB242A47F400C0CA70 /* PBXTargetDependency */,
			);
			name = "Age Machine LearningUITests";
			productName = "Age Machine LearningUITests";
			productReference = AF8BCED9242A47F400C0CA70 /* Age Machine LearningUITests.xctest */;
			productType = "com.apple.product-type.bundle.ui-testing";
		};
/* End PBXNativeTarget section */

/* Begin PBXProject section */
		AF8BCEAD242A47F300C0CA70 /* Project object */ = {
			isa = PBXProject;
			attributes = {
				LastSwiftUpdateCheck = 1130;
				LastUpgradeCheck = 1130;
				ORGANIZATIONNAME = "Luciano Amoroso";
				TargetAttributes = {
					AF8BCEB4242A47F300C0CA70 = {
						CreatedOnToolsVersion = 11.3.1;
					};
					AF8BCECD242A47F400C0CA70 = {
						CreatedOnToolsVersion = 11.3.1;
						TestTargetID = AF8BCEB4242A47F300C0CA70;
					};
					AF8BCED8242A47F400C0CA70 = {
						CreatedOnToolsVersion = 11.3.1;
						TestTargetID = AF8BCEB4242A47F300C0CA70;
					};
				};
			};
			buildConfigurationList = AF8BCEB0242A47F300C0CA70 /* Build configuration list for PBXProject "Age Machine Learning" */;
			compatibilityVersion = "Xcode 9.3";
			developmentRegion = en;
			hasScannedForEncodings = 0;
			knownRegions = (
				en,
				Base,
			);
			mainGroup = AF8BCEAC242A47F300C0CA70;
			productRefGroup = AF8BCEB6242A47F300C0CA70 /* Products */;
			projectDirPath = "";
			projectRoot = "";
			targets = (
				AF8BCEB4242A47F300C0CA70 /* Age Machine Learning */,
				AF8BCECD242A47F400C0CA70 /* Age Machine LearningTests */,
				AF8BCED8242A47F400C0CA70 /* Age Machine LearningUITests */,
			);
		};
/* End PBXProject section */

/* Begin PBXResourcesBuildPhase section */
		AF8BCEB3242A47F300C0CA70 /* Resources */ = {
			isa = PBXResourcesBuildPhase;
			buildActionMask = 2147483647;
			files = (
				AF8BCEC8242A47F400C0CA70 /* LaunchScreen.storyboard in Resources */,
				AF8BCEC5242A47F400C0CA70 /* Assets.xcassets in Resources */,
				AF8BCEC0242A47F300C0CA70 /* Main.storyboard in Resources */,
			);
			runOnlyForDeploymentPostprocessing = 0;
		};
		AF8BCECC242A47F400C0CA70 /* Resources */ = {
			isa = PBXResourcesBuildPhase;
			buildActionMask = 2147483647;
			files = (
			);
			runOnlyForDeploymentPostprocessing = 0;
		};
		AF8BCED7242A47F400C0CA70 /* Resources */ = {
			isa = PBXResourcesBuildPhase;
			buildActionMask = 2147483647;
			files = (
			);
			runOnlyForDeploymentPostprocessing = 0;
		};
/* End PBXResourcesBuildPhase section */

/* Begin PBXSourcesBuildPhase section */
		AF8BCEB1242A47F300C0CA70 /* Sources */ = {
			isa = PBXSourcesBuildPhase;
			buildActionMask = 2147483647;
			files = (
				AF8BCEBD242A47F300C0CA70 /* ViewController.swift in Sources */,
				AF8BCEB9242A47F300C0CA70 /* AppDelegate.swift in Sources */,
				AF8BCEBB242A47F300C0CA70 /* SceneDelegate.swift in Sources */,
				AF8BCEC3242A47F300C0CA70 /* Age_Machine_Learning.xcdatamodeld in Sources */,
			);
			runOnlyForDeploymentPostprocessing = 0;
		};
		AF8BCECA242A47F400C0CA70 /* Sources */ = {
			isa = PBXSourcesBuildPhase;
			buildActionMask = 2147483647;
			files = (
				AF8BCED3242A47F400C0CA70 /* Age_Machine_LearningTests.swift in Sources */,
			);
			runOnlyForDeploymentPostprocessing = 0;
		};
		AF8BCED5242A47F400C0CA70 /* Sources */ = {
			isa = PBXSourcesBuildPhase;
			buildActionMask = 2147483647;
			files = (
				AF8BCEDE242A47F400C0CA70 /* Age_Machine_LearningUITests.swift in Sources */,
			);
			runOnlyForDeploymentPostprocessing = 0;
		};
/* End PBXSourcesBuildPhase section */

/* Begin PBXTargetDependency section */
		AF8BCED0242A47F400C0CA70 /* PBXTargetDependency */ = {
			isa = PBXTargetDependency;
			target = AF8BCEB4242A47F300C0CA70 /* Age Machine Learning */;
			targetProxy = AF8BCECF242A47F400C0CA70 /* PBXContainerItemProxy */;
		};
		AF8BCEDB242A47F400C0CA70 /* PBXTargetDependency */ = {
			isa = PBXTargetDependency;
			target = AF8BCEB4242A47F300C0CA70 /* Age Machine Learning */;
			targetProxy = AF8BCEDA242A47F400C0CA70 /* PBXContainerItemProxy */;
		};
/* End PBXTargetDependency section */

/* Begin PBXVariantGroup section */
		AF8BCEBE242A47F300C0CA70 /* Main.storyboard */ = {
			isa = PBXVariantGroup;
			children = (
				AF8BCEBF242A47F300C0CA70 /* Base */,
			);
			name = Main.storyboard;
			sourceTree = "<group>";
		};
		AF8BCEC6242A47F400C0CA70 /* LaunchScreen.storyboard */ = {
			isa = PBXVariantGroup;
			children = (
				AF8BCEC7242A47F400C0CA70 /* Base */,
			);
			name = LaunchScreen.storyboard;
			sourceTree = "<group>";
		};
/* End PBXVariantGroup section */

/* Begin XCBuildConfiguration section */
		AF8BCEE0242A47F400C0CA70 /* Debug */ = {
			isa = XCBuildConfiguration;
			buildSettings = {
				ALWAYS_SEARCH_USER_PATHS = NO;
				CLANG_ANALYZER_NONNULL = YES;
				CLANG_ANALYZER_NUMBER_OBJECT_CONVERSION = YES_AGGRESSIVE;
				CLANG_CXX_LANGUAGE_STANDARD = "gnu++14";
				CLANG_CXX_LIBRARY = "libc++";
				CLANG_ENABLE_MODULES = YES;
				CLANG_ENABLE_OBJC_ARC = YES;
				CLANG_ENABLE_OBJC_WEAK = YES;
				CLANG_WARN_BLOCK_CAPTURE_AUTORELEASING = YES;
				CLANG_WARN_BOOL_CONVERSION = YES;
				CLANG_WARN_COMMA = YES;
				CLANG_WARN_CONSTANT_CONVERSION = YES;
				CLANG_WARN_DEPRECATED_OBJC_IMPLEMENTATIONS = YES;
				CLANG_WARN_DIRECT_OBJC_ISA_USAGE = YES_ERROR;
				CLANG_WARN_DOCUMENTATION_COMMENTS = YES;
				CLANG_WARN_EMPTY_BODY = YES;
				CLANG_WARN_ENUM_CONVERSION = YES;
				CLANG_WARN_INFINITE_RECURSION = YES;
				CLANG_WARN_INT_CONVERSION = YES;
				CLANG_WARN_NON_LITERAL_NULL_CONVERSION = YES;
				CLANG_WARN_OBJC_IMPLICIT_RETAIN_SELF = YES;
				CLANG_WARN_OBJC_LITERAL_CONVERSION = YES;
				CLANG_WARN_OBJC_ROOT_CLASS = YES_ERROR;
				CLANG_WARN_RANGE_LOOP_ANALYSIS = YES;
				CLANG_WARN_STRICT_PROTOTYPES = YES;
				CLANG_WARN_SUSPICIOUS_MOVE = YES;
				CLANG_WARN_UNGUARDED_AVAILABILITY = YES_AGGRESSIVE;
				CLANG_WARN_UNREACHABLE_CODE = YES;
				CLANG_WARN__DUPLICATE_METHOD_MATCH = YES;
				COPY_PHASE_STRIP = NO;
				DEBUG_INFORMATION_FORMAT = dwarf;
				ENABLE_STRICT_OBJC_MSGSEND = YES;
				ENABLE_TESTABILITY = YES;
				GCC_C_LANGUAGE_STANDARD = gnu11;
				GCC_DYNAMIC_NO_PIC = NO;
				GCC_NO_COMMON_BLOCKS = YES;
				GCC_OPTIMIZATION_LEVEL = 0;
				GCC_PREPROCESSOR_DEFINITIONS = (
					"DEBUG=1",
					"$(inherited)",
				);
				GCC_WARN_64_TO_32_BIT_CONVERSION = YES;
				GCC_WARN_ABOUT_RETURN_TYPE = YES_ERROR;
				GCC_WARN_UNDECLARED_SELECTOR = YES;
				GCC_WARN_UNINITIALIZED_AUTOS = YES_AGGRESSIVE;
				GCC_WARN_UNUSED_FUNCTION = YES;
				GCC_WARN_UNUSED_VARIABLE = YES;
				IPHONEOS_DEPLOYMENT_TARGET = 13.2;
				MTL_ENABLE_DEBUG_INFO = INCLUDE_SOURCE;
				MTL_FAST_MATH = YES;
				ONLY_ACTIVE_ARCH = YES;
				SDKROOT = iphoneos;
				SWIFT_ACTIVE_COMPILATION_CONDITIONS = DEBUG;
				SWIFT_OPTIMIZATION_LEVEL = "-Onone";
			};
			name = Debug;
		};
		AF8BCEE1242A47F400C0CA70 /* Release */ = {
			isa = XCBuildConfiguration;
			buildSettings = {
				ALWAYS_SEARCH_USER_PATHS = NO;
				CLANG_ANALYZER_NONNULL = YES;
				CLANG_ANALYZER_NUMBER_OBJECT_CONVERSION = YES_AGGRESSIVE;
				CLANG_CXX_LANGUAGE_STANDARD = "gnu++14";
				CLANG_CXX_LIBRARY = "libc++";
				CLANG_ENABLE_MODULES = YES;
				CLANG_ENABLE_OBJC_ARC = YES;
				CLANG_ENABLE_OBJC_WEAK = YES;
				CLANG_WARN_BLOCK_CAPTURE_AUTORELEASING = YES;
				CLANG_WARN_BOOL_CONVERSION = YES;
				CLANG_WARN_COMMA = YES;
				CLANG_WARN_CONSTANT_CONVERSION = YES;
				CLANG_WARN_DEPRECATED_OBJC_IMPLEMENTATIONS = YES;
				CLANG_WARN_DIRECT_OBJC_ISA_USAGE = YES_ERROR;
				CLANG_WARN_DOCUMENTATION_COMMENTS = YES;
				CLANG_WARN_EMPTY_BODY = YES;
				CLANG_WARN_ENUM_CONVERSION = YES;
				CLANG_WARN_INFINITE_RECURSION = YES;
				CLANG_WARN_INT_CONVERSION = YES;
				CLANG_WARN_NON_LITERAL_NULL_CONVERSION = YES;
				CLANG_WARN_OBJC_IMPLICIT_RETAIN_SELF = YES;
				CLANG_WARN_OBJC_LITERAL_CONVERSION = YES;
				CLANG_WARN_OBJC_ROOT_CLASS = YES_ERROR;
				CLANG_WARN_RANGE_LOOP_ANALYSIS = YES;
				CLANG_WARN_STRICT_PROTOTYPES = YES;
				CLANG_WARN_SUSPICIOUS_MOVE = YES;
				CLANG_WARN_UNGUARDED_AVAILABILITY = YES_AGGRESSIVE;
				CLANG_WARN_UNREACHABLE_CODE = YES;
				CLANG_WARN__DUPLICATE_METHOD_MATCH = YES;
				COPY_PHASE_STRIP = NO;
				DEBUG_INFORMATION_FORMAT = "dwarf-with-dsym";
				ENABLE_NS_ASSERTIONS = NO;
				ENABLE_STRICT_OBJC_MSGSEND = YES;
				GCC_C_LANGUAGE_STANDARD = gnu11;
				GCC_NO_COMMON_BLOCKS = YES;
				GCC_WARN_64_TO_32_BIT_CONVERSION = YES;
				GCC_WARN_ABOUT_RETURN_TYPE = YES_ERROR;
				GCC_WARN_UNDECLARED_SELECTOR = YES;
				GCC_WARN_UNINITIALIZED_AUTOS = YES_AGGRESSIVE;
				GCC_WARN_UNUSED_FUNCTION = YES;
				GCC_WARN_UNUSED_VARIABLE = YES;
				IPHONEOS_DEPLOYMENT_TARGET = 13.2;
				MTL_ENABLE_DEBUG_INFO = NO;
				MTL_FAST_MATH = YES;
				SDKROOT = iphoneos;
				SWIFT_COMPILATION_MODE = wholemodule;
				SWIFT_OPTIMIZATION_LEVEL = "-O";
				VALIDATE_PRODUCT = YES;
			};
			name = Release;
		};
		AF8BCEE3242A47F400C0CA70 /* Debug */ = {
			isa = XCBuildConfiguration;
			buildSettings = {
				ASSETCATALOG_COMPILER_APPICON_NAME = AppIcon;
				CODE_SIGN_STYLE = Automatic;
				DEVELOPMENT_TEAM = S2B6VG9CC6;
				INFOPLIST_FILE = "Age Machine Learning/Info.plist";
				LD_RUNPATH_SEARCH_PATHS = (
					"$(inherited)",
					"@executable_path/Frameworks",
				);
				PRODUCT_BUNDLE_IDENTIFIER = "lucianoamoroso.Age-Machine-Learning";
				PRODUCT_NAME = "$(TARGET_NAME)";
				SWIFT_VERSION = 5.0;
				TARGETED_DEVICE_FAMILY = "1,2";
			};
			name = Debug;
		};
		AF8BCEE4242A47F400C0CA70 /* Release */ = {
			isa = XCBuildConfiguration;
			buildSettings = {
				ASSETCATALOG_COMPILER_APPICON_NAME = AppIcon;
				CODE_SIGN_STYLE = Automatic;
				DEVELOPMENT_TEAM = S2B6VG9CC6;
				INFOPLIST_FILE = "Age Machine Learning/Info.plist";
				LD_RUNPATH_SEARCH_PATHS = (
					"$(inherited)",
					"@executable_path/Frameworks",
				);
				PRODUCT_BUNDLE_IDENTIFIER = "lucianoamoroso.Age-Machine-Learning";
				PRODUCT_NAME = "$(TARGET_NAME)";
				SWIFT_VERSION = 5.0;
				TARGETED_DEVICE_FAMILY = "1,2";
			};
			name = Release;
		};
		AF8BCEE6242A47F400C0CA70 /* Debug */ = {
			isa = XCBuildConfiguration;
			buildSettings = {
				ALWAYS_EMBED_SWIFT_STANDARD_LIBRARIES = YES;
				BUNDLE_LOADER = "$(TEST_HOST)";
				CODE_SIGN_STYLE = Automatic;
				DEVELOPMENT_TEAM = S2B6VG9CC6;
				INFOPLIST_FILE = "Age Machine LearningTests/Info.plist";
				IPHONEOS_DEPLOYMENT_TARGET = 13.2;
				LD_RUNPATH_SEARCH_PATHS = (
					"$(inherited)",
					"@executable_path/Frameworks",
					"@loader_path/Frameworks",
				);
				PRODUCT_BUNDLE_IDENTIFIER = "lucianoamoroso.Age-Machine-LearningTests";
				PRODUCT_NAME = "$(TARGET_NAME)";
				SWIFT_VERSION = 5.0;
				TARGETED_DEVICE_FAMILY = "1,2";
				TEST_HOST = "$(BUILT_PRODUCTS_DIR)/Age Machine Learning.app/Age Machine Learning";
			};
			name = Debug;
		};
		AF8BCEE7242A47F400C0CA70 /* Release */ = {
			isa = XCBuildConfiguration;
			buildSettings = {
				ALWAYS_EMBED_SWIFT_STANDARD_LIBRARIES = YES;
				BUNDLE_LOADER = "$(TEST_HOST)";
				CODE_SIGN_STYLE = Automatic;
				DEVELOPMENT_TEAM = S2B6VG9CC6;
				INFOPLIST_FILE = "Age Machine LearningTests/Info.plist";
				IPHONEOS_DEPLOYMENT_TARGET = 13.2;
				LD_RUNPATH_SEARCH_PATHS = (
					"$(inherited)",
					"@executable_path/Frameworks",
					"@loader_path/Frameworks",
				);
				PRODUCT_BUNDLE_IDENTIFIER = "lucianoamoroso.Age-Machine-LearningTests";
				PRODUCT_NAME = "$(TARGET_NAME)";
				SWIFT_VERSION = 5.0;
				TARGETED_DEVICE_FAMILY = "1,2";
				TEST_HOST = "$(BUILT_PRODUCTS_DIR)/Age Machine Learning.app/Age Machine Learning";
			};
			name = Release;
		};
		AF8BCEE9242A47F400C0CA70 /* Debug */ = {
			isa = XCBuildConfiguration;
			buildSettings = {
				ALWAYS_EMBED_SWIFT_STANDARD_LIBRARIES = YES;
				CODE_SIGN_STYLE = Automatic;
				DEVELOPMENT_TEAM = S2B6VG9CC6;
				INFOPLIST_FILE = "Age Machine LearningUITests/Info.plist";
				LD_RUNPATH_SEARCH_PATHS = (
					"$(inherited)",
					"@executable_path/Frameworks",
					"@loader_path/Frameworks",
				);
				PRODUCT_BUNDLE_IDENTIFIER = "lucianoamoroso.Age-Machine-LearningUITests";
				PRODUCT_NAME = "$(TARGET_NAME)";
				SWIFT_VERSION = 5.0;
				TARGETED_DEVICE_FAMILY = "1,2";
				TEST_TARGET_NAME = "Age Machine Learning";
			};
			name = Debug;
		};
		AF8BCEEA242A47F400C0CA70 /* Release */ = {
			isa = XCBuildConfiguration;
			buildSettings = {
				ALWAYS_EMBED_SWIFT_STANDARD_LIBRARIES = YES;
				CODE_SIGN_STYLE = Automatic;
				DEVELOPMENT_TEAM = S2B6VG9CC6;
				INFOPLIST_FILE = "Age Machine LearningUITests/Info.plist";
				LD_RUNPATH_SEARCH_PATHS = (
					"$(inherited)",
					"@executable_path/Frameworks",
					"@loader_path/Frameworks",
				);
				PRODUCT_BUNDLE_IDENTIFIER = "lucianoamoroso.Age-Machine-LearningUITests";
				PRODUCT_NAME = "$(TARGET_NAME)";
				SWIFT_VERSION = 5.0;
				TARGETED_DEVICE_FAMILY = "1,2";
				TEST_TARGET_NAME = "Age Machine Learning";
			};
			name = Release;
		};
/* End XCBuildConfiguration section */

/* Begin XCConfigurationList section */
		AF8BCEB0242A47F300C0CA70 /* Build configuration list for PBXProject "Age Machine Learning" */ = {
			isa = XCConfigurationList;
			buildConfigurations = (
				AF8BCEE0242A47F400C0CA70 /* Debug */,
				AF8BCEE1242A47F400C0CA70 /* Release */,
			);
			defaultConfigurationIsVisible = 0;
			defaultConfigurationName = Release;
		};
		AF8BCEE2242A47F400C0CA70 /* Build configuration list for PBXNativeTarget "Age Machine Learning" */ = {
			isa = XCConfigurationList;
			buildConfigurations = (
				AF8BCEE3242A47F400C0CA70 /* Debug */,
				AF8BCEE4242A47F400C0CA70 /* Release */,
			);
			defaultConfigurationIsVisible = 0;
			defaultConfigurationName = Release;
		};
		AF8BCEE5242A47F400C0CA70 /* Build configuration list for PBXNativeTarget "Age Machine LearningTests" */ = {
			isa = XCConfigurationList;
			buildConfigurations = (
				AF8BCEE6242A47F400C0CA70 /* Debug */,
				AF8BCEE7242A47F400C0CA70 /* Release */,
			);
			defaultConfigurationIsVisible = 0;
			defaultConfigurationName = Release;
		};
		AF8BCEE8242A47F400C0CA70 /* Build configuration list for PBXNativeTarget "Age Machine LearningUITests" */ = {
			isa = XCConfigurationList;
			buildConfigurations = (
				AF8BCEE9242A47F400C0CA70 /* Debug */,
				AF8BCEEA242A47F400C0CA70 /* Release */,
			);
			defaultConfigurationIsVisible = 0;
			defaultConfigurationName = Release;
		};
/* End XCConfigurationList section */

/* Begin XCVersionGroup section */
		AF8BCEC1242A47F300C0CA70 /* Age_Machine_Learning.xcdatamodeld */ = {
			isa = XCVersionGroup;
			children = (
				AF8BCEC2242A47F300C0CA70 /* Age_Machine_Learning.xcdatamodel */,
			);
			currentVersion = AF8BCEC2242A47F300C0CA70 /* Age_Machine_Learning.xcdatamodel */;
			path = Age_Machine_Learning.xcdatamodeld;
			sourceTree = "<group>";
			versionGroupType = wrapper.xcdatamodel;
		};
/* End XCVersionGroup section */
	};
	rootObject = AF8BCEAD242A47F300C0CA70 /* Project object */;
}
